
Microsoft Visual Studio Solution File, Format Version 12.00
# Visual Studio Version 16
VisualStudioVersion = 16.0.29306.81
MinimumVisualStudioVersion = 10.0.40219.1
Project("{FAE04EC0-301F-11D3-BF4B-00C04F79EFBC}") = "Exercise_Pg113", "Exercise_Pg113.csproj", "{3EF27204-3788-474C-9D8B-F895E04F57C7}"
EndProject
Global
	GlobalSection(SolutionConfigurationPlatforms) = preSolution
		Debug|Any CPU = Debug|Any CPU
		Release|Any CPU = Release|Any CPU
	EndGlobalSection
	GlobalSection(ProjectConfigurationPlatforms) = postSolution
		{3EF27204-3788-474C-9D8B-F895E04F57C7}.Debug|Any CPU.ActiveCfg = Debug|Any CPU
		{3EF27204-3788-474C-9D8B-F895E04F57C7}.Debug|Any CPU.Build.0 = Debug|Any CPU
		{3EF27204-3788-474C-9D8B-F895E04F57C7}.Release|Any CPU.ActiveCfg = Release|Any CPU
		{3EF27204-3788-474C-9D8B-F895E04F57C7}.Release|Any CPU.Build.0 = Release|Any CPU
	EndGlobalSection
	GlobalSection(SolutionProperties) = preSolution
		HideSolutionNode = FALSE
	EndGlobalSection
	GlobalSection(ExtensibilityGlobals) = postSolution
		SolutionGuid = {AFAD23D0-25C5-4052-8B68-FC0E981F42ED}
	EndGlobalSection
EndGlobal
