
Microsoft Visual Studio Solution File, Format Version 12.00
# Visual Studio Version 16
VisualStudioVersion = 16.0.29201.188
MinimumVisualStudioVersion = 10.0.40219.1
Project("{FAE04EC0-301F-11D3-BF4B-00C04F79EFBC}") = "ShippingQuote_Pg92", "ShippingQuote_Pg92.csproj", "{DD9EE398-E0FA-4D71-8BBA-C94FE0C1FF31}"
EndProject
Global
	GlobalSection(SolutionConfigurationPlatforms) = preSolution
		Debug|Any CPU = Debug|Any CPU
		Release|Any CPU = Release|Any CPU
	EndGlobalSection
	GlobalSection(ProjectConfigurationPlatforms) = postSolution
		{DD9EE398-E0FA-4D71-8BBA-C94FE0C1FF31}.Debug|Any CPU.ActiveCfg = Debug|Any CPU
		{DD9EE398-E0FA-4D71-8BBA-C94FE0C1FF31}.Debug|Any CPU.Build.0 = Debug|Any CPU
		{DD9EE398-E0FA-4D71-8BBA-C94FE0C1FF31}.Release|Any CPU.ActiveCfg = Release|Any CPU
		{DD9EE398-E0FA-4D71-8BBA-C94FE0C1FF31}.Release|Any CPU.Build.0 = Release|Any CPU
	EndGlobalSection
	GlobalSection(SolutionProperties) = preSolution
		HideSolutionNode = FALSE
	EndGlobalSection
	GlobalSection(ExtensibilityGlobals) = postSolution
		SolutionGuid = {2A62BC5A-401A-48DA-8B3B-71DD1CFF49B8}
	EndGlobalSection
EndGlobal
