
Microsoft Visual Studio Solution File, Format Version 12.00
# Visual Studio Version 16
VisualStudioVersion = 16.0.29123.88
MinimumVisualStudioVersion = 10.0.40219.1
Project("{FAE04EC0-301F-11D3-BF4B-00C04F79EFBC}") = "VariablesAndDataTypes", "VariablesAndDataTypes.csproj", "{ADABF96D-293B-49CD-B312-A5D2D2147795}"
EndProject
Global
	GlobalSection(SolutionConfigurationPlatforms) = preSolution
		Debug|Any CPU = Debug|Any CPU
		Release|Any CPU = Release|Any CPU
	EndGlobalSection
	GlobalSection(ProjectConfigurationPlatforms) = postSolution
		{ADABF96D-293B-49CD-B312-A5D2D2147795}.Debug|Any CPU.ActiveCfg = Debug|Any CPU
		{ADABF96D-293B-49CD-B312-A5D2D2147795}.Debug|Any CPU.Build.0 = Debug|Any CPU
		{ADABF96D-293B-49CD-B312-A5D2D2147795}.Release|Any CPU.ActiveCfg = Release|Any CPU
		{ADABF96D-293B-49CD-B312-A5D2D2147795}.Release|Any CPU.Build.0 = Release|Any CPU
	EndGlobalSection
	GlobalSection(SolutionProperties) = preSolution
		HideSolutionNode = FALSE
	EndGlobalSection
	GlobalSection(ExtensibilityGlobals) = postSolution
		SolutionGuid = {412C0850-E60C-4D69-80F9-C52CDF3F7276}
	EndGlobalSection
EndGlobal
