
Microsoft Visual Studio Solution File, Format Version 12.00
# Visual Studio Version 16
VisualStudioVersion = 16.0.29201.188
MinimumVisualStudioVersion = 10.0.40219.1
Project("{FAE04EC0-301F-11D3-BF4B-00C04F79EFBC}") = "Strings_Pg97", "Strings_Pg97.csproj", "{332DC6A4-EEFE-4CE9-A823-BFCD9E9FF8A1}"
EndProject
Global
	GlobalSection(SolutionConfigurationPlatforms) = preSolution
		Debug|Any CPU = Debug|Any CPU
		Release|Any CPU = Release|Any CPU
	EndGlobalSection
	GlobalSection(ProjectConfigurationPlatforms) = postSolution
		{332DC6A4-EEFE-4CE9-A823-BFCD9E9FF8A1}.Debug|Any CPU.ActiveCfg = Debug|Any CPU
		{332DC6A4-EEFE-4CE9-A823-BFCD9E9FF8A1}.Debug|Any CPU.Build.0 = Debug|Any CPU
		{332DC6A4-EEFE-4CE9-A823-BFCD9E9FF8A1}.Release|Any CPU.ActiveCfg = Release|Any CPU
		{332DC6A4-EEFE-4CE9-A823-BFCD9E9FF8A1}.Release|Any CPU.Build.0 = Release|Any CPU
	EndGlobalSection
	GlobalSection(SolutionProperties) = preSolution
		HideSolutionNode = FALSE
	EndGlobalSection
	GlobalSection(ExtensibilityGlobals) = postSolution
		SolutionGuid = {976F8ABE-BBB7-4A45-8F92-AE88F939B972}
	EndGlobalSection
EndGlobal
