
Microsoft Visual Studio Solution File, Format Version 12.00
# Visual Studio Version 16
VisualStudioVersion = 16.0.29123.88
MinimumVisualStudioVersion = 10.0.40219.1
Project("{FAE04EC0-301F-11D3-BF4B-00C04F79EFBC}") = "Exercise_Pg34", "Exercise_Pg34.csproj", "{60E2B3E0-DC56-47A7-A273-1737334C317D}"
EndProject
Global
	GlobalSection(SolutionConfigurationPlatforms) = preSolution
		Debug|Any CPU = Debug|Any CPU
		Release|Any CPU = Release|Any CPU
	EndGlobalSection
	GlobalSection(ProjectConfigurationPlatforms) = postSolution
		{60E2B3E0-DC56-47A7-A273-1737334C317D}.Debug|Any CPU.ActiveCfg = Debug|Any CPU
		{60E2B3E0-DC56-47A7-A273-1737334C317D}.Debug|Any CPU.Build.0 = Debug|Any CPU
		{60E2B3E0-DC56-47A7-A273-1737334C317D}.Release|Any CPU.ActiveCfg = Release|Any CPU
		{60E2B3E0-DC56-47A7-A273-1737334C317D}.Release|Any CPU.Build.0 = Release|Any CPU
	EndGlobalSection
	GlobalSection(SolutionProperties) = preSolution
		HideSolutionNode = FALSE
	EndGlobalSection
	GlobalSection(ExtensibilityGlobals) = postSolution
		SolutionGuid = {4294D106-4944-4414-AC5E-862541EB69D9}
	EndGlobalSection
EndGlobal
