
Microsoft Visual Studio Solution File, Format Version 12.00
# Visual Studio Version 16
VisualStudioVersion = 16.0.29123.88
MinimumVisualStudioVersion = 10.0.40219.1
Project("{FAE04EC0-301F-11D3-BF4B-00C04F79EFBC}") = "ConsoleApplication1", "ConsoleApplication1.csproj", "{210C033C-9E8C-4551-B018-08DDCA95707A}"
EndProject
Global
	GlobalSection(SolutionConfigurationPlatforms) = preSolution
		Debug|Any CPU = Debug|Any CPU
		Release|Any CPU = Release|Any CPU
	EndGlobalSection
	GlobalSection(ProjectConfigurationPlatforms) = postSolution
		{210C033C-9E8C-4551-B018-08DDCA95707A}.Debug|Any CPU.ActiveCfg = Debug|Any CPU
		{210C033C-9E8C-4551-B018-08DDCA95707A}.Debug|Any CPU.Build.0 = Debug|Any CPU
		{210C033C-9E8C-4551-B018-08DDCA95707A}.Release|Any CPU.ActiveCfg = Release|Any CPU
		{210C033C-9E8C-4551-B018-08DDCA95707A}.Release|Any CPU.Build.0 = Release|Any CPU
	EndGlobalSection
	GlobalSection(SolutionProperties) = preSolution
		HideSolutionNode = FALSE
	EndGlobalSection
	GlobalSection(ExtensibilityGlobals) = postSolution
		SolutionGuid = {4E54ECB0-70A7-4CE1-8C28-E7C112828E4F}
	EndGlobalSection
EndGlobal
