
Microsoft Visual Studio Solution File, Format Version 12.00
# Visual Studio Version 16
VisualStudioVersion = 16.0.29411.108
MinimumVisualStudioVersion = 10.0.40219.1
Project("{FAE04EC0-301F-11D3-BF4B-00C04F79EFBC}") = "Exercise_Pg156_DateTime", "Exercise_Pg156_DateTime.csproj", "{F99B7205-2852-433F-93C2-C45940FE9E7C}"
EndProject
Global
	GlobalSection(SolutionConfigurationPlatforms) = preSolution
		Debug|Any CPU = Debug|Any CPU
		Release|Any CPU = Release|Any CPU
	EndGlobalSection
	GlobalSection(ProjectConfigurationPlatforms) = postSolution
		{F99B7205-2852-433F-93C2-C45940FE9E7C}.Debug|Any CPU.ActiveCfg = Debug|Any CPU
		{F99B7205-2852-433F-93C2-C45940FE9E7C}.Debug|Any CPU.Build.0 = Debug|Any CPU
		{F99B7205-2852-433F-93C2-C45940FE9E7C}.Release|Any CPU.ActiveCfg = Release|Any CPU
		{F99B7205-2852-433F-93C2-C45940FE9E7C}.Release|Any CPU.Build.0 = Release|Any CPU
	EndGlobalSection
	GlobalSection(SolutionProperties) = preSolution
		HideSolutionNode = FALSE
	EndGlobalSection
	GlobalSection(ExtensibilityGlobals) = postSolution
		SolutionGuid = {22AE07DA-45A9-406D-910B-3C68BC79DEDC}
	EndGlobalSection
EndGlobal
