
Microsoft Visual Studio Solution File, Format Version 12.00
# Visual Studio Version 16
VisualStudioVersion = 16.0.29409.12
MinimumVisualStudioVersion = 10.0.40219.1
Project("{FAE04EC0-301F-11D3-BF4B-00C04F79EFBC}") = "Exercise_pg134_Enums", "Exercise_pg134_Enums.csproj", "{73D08F4E-2EBA-4413-9DDF-FDFA779CCDDF}"
EndProject
Global
	GlobalSection(SolutionConfigurationPlatforms) = preSolution
		Debug|Any CPU = Debug|Any CPU
		Release|Any CPU = Release|Any CPU
	EndGlobalSection
	GlobalSection(ProjectConfigurationPlatforms) = postSolution
		{73D08F4E-2EBA-4413-9DDF-FDFA779CCDDF}.Debug|Any CPU.ActiveCfg = Debug|Any CPU
		{73D08F4E-2EBA-4413-9DDF-FDFA779CCDDF}.Debug|Any CPU.Build.0 = Debug|Any CPU
		{73D08F4E-2EBA-4413-9DDF-FDFA779CCDDF}.Release|Any CPU.ActiveCfg = Release|Any CPU
		{73D08F4E-2EBA-4413-9DDF-FDFA779CCDDF}.Release|Any CPU.Build.0 = Release|Any CPU
	EndGlobalSection
	GlobalSection(SolutionProperties) = preSolution
		HideSolutionNode = FALSE
	EndGlobalSection
	GlobalSection(ExtensibilityGlobals) = postSolution
		SolutionGuid = {D782F9A6-481D-41EE-8E89-229921256203}
	EndGlobalSection
EndGlobal
